
Microsoft Visual Studio Solution File, Format Version 12.00
# Visual Studio Version 17
VisualStudioVersion = 17.13.35825.156 d17.13
MinimumVisualStudioVersion = 10.0.40219.1
Project("{2150E333-8FDC-42A3-9474-1A3956D46DE8}") = "src", "src", "{02EA681E-C7D8-13C7-8484-4AC65E1B71E8}"
EndProject
Project("{FAE04EC0-301F-11D3-BF4B-00C04F79EFBC}") = "UpdateContact.API", "src\UpdateContact.API\UpdateContact.API.csproj", "{268A154A-250E-4859-91B5-AA2785CB9706}"
EndProject
Project("{FAE04EC0-301F-11D3-BF4B-00C04F79EFBC}") = "UpdateContact.Domain", "src\UpdateContact.Domain\UpdateContact.Domain.csproj", "{EB81F441-2C67-4240-8093-4E405A6DBCB2}"
EndProject
Project("{FAE04EC0-301F-11D3-BF4B-00C04F79EFBC}") = "UpdateContact.Infrastructure", "src\UpdateContact.Infrastructure\UpdateContact.Infrastructure.csproj", "{BB1A2444-1F11-4130-86AC-116D4D6C5C96}"
EndProject
Project("{FAE04EC0-301F-11D3-BF4B-00C04F79EFBC}") = "UpdateContact.Application", "src\UpdateContact.Application\UpdateContact.Application.csproj", "{771B86C4-D943-45EB-8CEE-373C2527E102}"
EndProject
Global
	GlobalSection(SolutionConfigurationPlatforms) = preSolution
		Debug|Any CPU = Debug|Any CPU
		Release|Any CPU = Release|Any CPU
	EndGlobalSection
	GlobalSection(ProjectConfigurationPlatforms) = postSolution
		{268A154A-250E-4859-91B5-AA2785CB9706}.Debug|Any CPU.ActiveCfg = Debug|Any CPU
		{268A154A-250E-4859-91B5-AA2785CB9706}.Debug|Any CPU.Build.0 = Debug|Any CPU
		{268A154A-250E-4859-91B5-AA2785CB9706}.Release|Any CPU.ActiveCfg = Release|Any CPU
		{268A154A-250E-4859-91B5-AA2785CB9706}.Release|Any CPU.Build.0 = Release|Any CPU
		{EB81F441-2C67-4240-8093-4E405A6DBCB2}.Debug|Any CPU.ActiveCfg = Debug|Any CPU
		{EB81F441-2C67-4240-8093-4E405A6DBCB2}.Debug|Any CPU.Build.0 = Debug|Any CPU
		{EB81F441-2C67-4240-8093-4E405A6DBCB2}.Release|Any CPU.ActiveCfg = Release|Any CPU
		{EB81F441-2C67-4240-8093-4E405A6DBCB2}.Release|Any CPU.Build.0 = Release|Any CPU
		{BB1A2444-1F11-4130-86AC-116D4D6C5C96}.Debug|Any CPU.ActiveCfg = Debug|Any CPU
		{BB1A2444-1F11-4130-86AC-116D4D6C5C96}.Debug|Any CPU.Build.0 = Debug|Any CPU
		{BB1A2444-1F11-4130-86AC-116D4D6C5C96}.Release|Any CPU.ActiveCfg = Release|Any CPU
		{BB1A2444-1F11-4130-86AC-116D4D6C5C96}.Release|Any CPU.Build.0 = Release|Any CPU
		{771B86C4-D943-45EB-8CEE-373C2527E102}.Debug|Any CPU.ActiveCfg = Debug|Any CPU
		{771B86C4-D943-45EB-8CEE-373C2527E102}.Debug|Any CPU.Build.0 = Debug|Any CPU
		{771B86C4-D943-45EB-8CEE-373C2527E102}.Release|Any CPU.ActiveCfg = Release|Any CPU
		{771B86C4-D943-45EB-8CEE-373C2527E102}.Release|Any CPU.Build.0 = Release|Any CPU
	EndGlobalSection
	GlobalSection(SolutionProperties) = preSolution
		HideSolutionNode = FALSE
	EndGlobalSection
	GlobalSection(NestedProjects) = preSolution
		{268A154A-250E-4859-91B5-AA2785CB9706} = {02EA681E-C7D8-13C7-8484-4AC65E1B71E8}
		{EB81F441-2C67-4240-8093-4E405A6DBCB2} = {02EA681E-C7D8-13C7-8484-4AC65E1B71E8}
		{BB1A2444-1F11-4130-86AC-116D4D6C5C96} = {02EA681E-C7D8-13C7-8484-4AC65E1B71E8}
		{771B86C4-D943-45EB-8CEE-373C2527E102} = {02EA681E-C7D8-13C7-8484-4AC65E1B71E8}
	EndGlobalSection
	GlobalSection(ExtensibilityGlobals) = postSolution
		SolutionGuid = {4C45B283-B032-4798-8890-0D07C1BA50F9}
	EndGlobalSection
EndGlobal
